PODS:
  - Alamofire (4.7.2)
  - Crashlytics (3.10.2):
    - Fabric (~> 1.7.7)
  - Fabric (1.7.7)
  - Starscream (3.0.5)
  - SwiftLint (0.25.1)

DEPENDENCIES:
  - Alamofire (~> 4.7)
  - Crashlytics
  - Fabric
  - Starscream (~> 3.0.2)
  - SwiftLint

SPEC REPOS:
  https://github.com/CocoaPods/Specs.git:
    - Alamofire
    - Crashlytics
    - Fabric
    - Starscream
    - SwiftLint

SPEC CHECKSUMS:
  Alamofire: e4fa87002c137ba2d8d634d2c51fabcda0d5c223
  Crashlytics: 0360624eea1c978a743feddb2fb1ef8b37fb7a0d
  Fabric: bda89e242bce1b7b8ab264248cf3407774ce0095
  Starscream: faf918b2f2eff7d5dd21180646bf015a669673bd
  SwiftLint: ce933681be10c3266e82576dad676fa815a602e9

PODFILE CHECKSUM: 4b760b505d180905cc308d3ffd725ab6d8418e75

COCOAPODS: 1.5.0
